// !$*UTF8*$!
{
	archiveVersion = 1;
	classes = {
	};
	objectVersion = 55;
	objects = {

/* Begin PBXBuildFile section */
		249DE815279D8FD600CFFA6E /* Tests_iOS.swift in Sources */ = {isa = PBXBuildFile; fileRef = 249DE814279D8FD600CFFA6E /* Tests_iOS.swift */; };
		249DE817279D8FD600CFFA6E /* Tests_iOSLaunchTests.swift in Sources */ = {isa = PBXBuildFile; fileRef = 249DE816279D8FD600CFFA6E /* Tests_iOSLaunchTests.swift */; };
		249DE821279D8FD600CFFA6E /* Tests_macOS.swift in Sources */ = {isa = PBXBuildFile; fileRef = 249DE820279D8FD600CFFA6E /* Tests_macOS.swift */; };
		249DE823279D8FD600CFFA6E /* Tests_macOSLaunchTests.swift in Sources */ = {isa = PBXBuildFile; fileRef = 249DE822279D8FD600CFFA6E /* Tests_macOSLaunchTests.swift */; };
		249DE824279D8FD600CFFA6E /* TestAppApp.swift in Sources */ = {isa = PBXBuildFile; fileRef = 249DE7FC279D8FD400CFFA6E /* TestAppApp.swift */; };
		249DE825279D8FD600CFFA6E /* TestAppApp.swift in Sources */ = {isa = PBXBuildFile; fileRef = 249DE7FC279D8FD400CFFA6E /* TestAppApp.swift */; };
		249DE826279D8FD600CFFA6E /* ContentView.swift in Sources */ = {isa = PBXBuildFile; fileRef = 249DE7FD279D8FD400CFFA6E /* ContentView.swift */; };
		249DE827279D8FD600CFFA6E /* ContentView.swift in Sources */ = {isa = PBXBuildFile; fileRef = 249DE7FD279D8FD400CFFA6E /* ContentView.swift */; };
		249DE828279D8FD600CFFA6E /* Assets.xcassets in Resources */ = {isa = PBXBuildFile; fileRef = 249DE7FE279D8FD600CFFA6E /* Assets.xcassets */; };
		249DE829279D8FD600CFFA6E /* Assets.xcassets in Resources */ = {isa = PBXBuildFile; fileRef = 249DE7FE279D8FD600CFFA6E /* Assets.xcassets */; };
/* End PBXBuildFile section */

/* Begin PBXContainerItemProxy section */
		249DE811279D8FD600CFFA6E /* PBXContainerItemProxy */ = {
			isa = PBXContainerItemProxy;
			containerPortal = 249DE7F7279D8FD400CFFA6E /* Project object */;
			proxyType = 1;
			remoteGlobalIDString = 249DE802279D8FD600CFFA6E;
			remoteInfo = "TestApp (iOS)";
		};
		249DE81D279D8FD600CFFA6E /* PBXContainerItemProxy */ = {
			isa = PBXContainerItemProxy;
			containerPortal = 249DE7F7279D8FD400CFFA6E /* Project object */;
			proxyType = 1;
			remoteGlobalIDString = 249DE808279D8FD600CFFA6E;
			remoteInfo = "TestApp (macOS)";
		};
/* End PBXContainerItemProxy section */

/* Begin PBXFileReference section */
		249DE7FC279D8FD400CFFA6E /* TestAppApp.swift */ = {isa = PBXFileReference; lastKnownFileType = sourcecode.swift; path = TestAppApp.swift; sourceTree = "<group>"; };
		249DE7FD279D8FD400CFFA6E /* ContentView.swift */ = {isa = PBXFileReference; lastKnownFileType = sourcecode.swift; path = ContentView.swift; sourceTree = "<group>"; };
		249DE7FE279D8FD600CFFA6E /* Assets.xcassets */ = {isa = PBXFileReference; lastKnownFileType = folder.assetcatalog; path = Assets.xcassets; sourceTree = "<group>"; };
		249DE803279D8FD600CFFA6E /* TestApp.app */ = {isa = PBXFileReference; explicitFileType = wrapper.application; includeInIndex = 0; path = TestApp.app; sourceTree = BUILT_PRODUCTS_DIR; };
		249DE809279D8FD600CFFA6E /* TestApp.app */ = {isa = PBXFileReference; explicitFileType = wrapper.application; includeInIndex = 0; path = TestApp.app; sourceTree = BUILT_PRODUCTS_DIR; };
		249DE80B279D8FD600CFFA6E /* macOS.entitlements */ = {isa = PBXFileReference; lastKnownFileType = text.plist.entitlements; path = macOS.entitlements; sourceTree = "<group>"; };
		249DE810279D8FD600CFFA6E /* Tests iOS.xctest */ = {isa = PBXFileReference; explicitFileType = wrapper.cfbundle; includeInIndex = 0; path = "Tests iOS.xctest"; sourceTree = BUILT_PRODUCTS_DIR; };
		249DE814279D8FD600CFFA6E /* Tests_iOS.swift */ = {isa = PBXFileReference; lastKnownFileType = sourcecode.swift; path = Tests_iOS.swift; sourceTree = "<group>"; };
		249DE816279D8FD600CFFA6E /* Tests_iOSLaunchTests.swift */ = {isa = PBXFileReference; lastKnownFileType = sourcecode.swift; path = Tests_iOSLaunchTests.swift; sourceTree = "<group>"; };
		249DE81C279D8FD600CFFA6E /* Tests macOS.xctest */ = {isa = PBXFileReference; explicitFileType = wrapper.cfbundle; includeInIndex = 0; path = "Tests macOS.xctest"; sourceTree = BUILT_PRODUCTS_DIR; };
		249DE820279D8FD600CFFA6E /* Tests_macOS.swift */ = {isa = PBXFileReference; lastKnownFileType = sourcecode.swift; path = Tests_macOS.swift; sourceTree = "<group>"; };
		249DE822279D8FD600CFFA6E /* Tests_macOSLaunchTests.swift */ = {isa = PBXFileReference; lastKnownFileType = sourcecode.swift; path = Tests_macOSLaunchTests.swift; sourceTree = "<group>"; };
/* End PBXFileReference section */

/* Begin PBXFrameworksBuildPhase section */
		249DE800279D8FD600CFFA6E /* Frameworks */ = {
			isa = PBXFrameworksBuildPhase;
			buildActionMask = 2147483647;
			files = (
			);
			runOnlyForDeploymentPostprocessing = 0;
		};
		249DE806279D8FD600CFFA6E /* Frameworks */ = {
			isa = PBXFrameworksBuildPhase;
			buildActionMask = 2147483647;
			files = (
			);
			runOnlyForDeploymentPostprocessing = 0;
		};
		249DE80D279D8FD600CFFA6E /* Frameworks */ = {
			isa = PBXFrameworksBuildPhase;
			buildActionMask = 2147483647;
			files = (
			);
			runOnlyForDeploymentPostprocessing = 0;
		};
		249DE819279D8FD600CFFA6E /* Frameworks */ = {
			isa = PBXFrameworksBuildPhase;
			buildActionMask = 2147483647;
			files = (
			);
			runOnlyForDeploymentPostprocessing = 0;
		};
/* End PBXFrameworksBuildPhase section */

/* Begin PBXGroup section */
		249DE7F6279D8FD400CFFA6E = {
			isa = PBXGroup;
			children = (
				249DE7FB279D8FD400CFFA6E /* Shared */,
				249DE80A279D8FD600CFFA6E /* macOS */,
				249DE813279D8FD600CFFA6E /* Tests iOS */,
				249DE81F279D8FD600CFFA6E /* Tests macOS */,
				249DE804279D8FD600CFFA6E /* Products */,
			);
			sourceTree = "<group>";
		};
		249DE7FB279D8FD400CFFA6E /* Shared */ = {
			isa = PBXGroup;
			children = (
				249DE7FC279D8FD400CFFA6E /* TestAppApp.swift */,
				249DE7FD279D8FD400CFFA6E /* ContentView.swift */,
				249DE7FE279D8FD600CFFA6E /* Assets.xcassets */,
			);
			path = Shared;
			sourceTree = "<group>";
		};
		249DE804279D8FD600CFFA6E /* Products */ = {
			isa = PBXGroup;
			children = (
				249DE803279D8FD600CFFA6E /* TestApp.app */,
				249DE809279D8FD600CFFA6E /* TestApp.app */,
				249DE810279D8FD600CFFA6E /* Tests iOS.xctest */,
				249DE81C279D8FD600CFFA6E /* Tests macOS.xctest */,
			);
			name = Products;
			sourceTree = "<group>";
		};
		249DE80A279D8FD600CFFA6E /* macOS */ = {
			isa = PBXGroup;
			children = (
				249DE80B279D8FD600CFFA6E /* macOS.entitlements */,
			);
			path = macOS;
			sourceTree = "<group>";
		};
		249DE813279D8FD600CFFA6E /* Tests iOS */ = {
			isa = PBXGroup;
			children = (
				249DE814279D8FD600CFFA6E /* Tests_iOS.swift */,
				249DE816279D8FD600CFFA6E /* Tests_iOSLaunchTests.swift */,
			);
			path = "Tests iOS";
			sourceTree = "<group>";
		};
		249DE81F279D8FD600CFFA6E /* Tests macOS */ = {
			isa = PBXGroup;
			children = (
				249DE820279D8FD600CFFA6E /* Tests_macOS.swift */,
				249DE822279D8FD600CFFA6E /* Tests_macOSLaunchTests.swift */,
			);
			path = "Tests macOS";
			sourceTree = "<group>";
		};
/* End PBXGroup section */

/* Begin PBXNativeTarget section */
		249DE802279D8FD600CFFA6E /* TestApp (iOS) */ = {
			isa = PBXNativeTarget;
			buildConfigurationList = 249DE82C279D8FD600CFFA6E /* Build configuration list for PBXNativeTarget "TestApp (iOS)" */;
			buildPhases = (
				249DE7FF279D8FD600CFFA6E /* Sources */,
				249DE800279D8FD600CFFA6E /* Frameworks */,
				249DE801279D8FD600CFFA6E /* Resources */,
			);
			buildRules = (
			);
			dependencies = (
			);
			name = "TestApp (iOS)";
			productName = "TestApp (iOS)";
			productReference = 249DE803279D8FD600CFFA6E /* TestApp.app */;
			productType = "com.apple.product-type.application";
		};
		249DE808279D8FD600CFFA6E /* TestApp (macOS) */ = {
			isa = PBXNativeTarget;
			buildConfigurationList = 249DE82F279D8FD600CFFA6E /* Build configuration list for PBXNativeTarget "TestApp (macOS)" */;
			buildPhases = (
				249DE805279D8FD600CFFA6E /* Sources */,
				249DE806279D8FD600CFFA6E /* Frameworks */,
				249DE807279D8FD600CFFA6E /* Resources */,
			);
			buildRules = (
			);
			dependencies = (
			);
			name = "TestApp (macOS)";
			productName = "TestApp (macOS)";
			productReference = 249DE809279D8FD600CFFA6E /* TestApp.app */;
			productType = "com.apple.product-type.application";
		};
		249DE80F279D8FD600CFFA6E /* Tests iOS */ = {
			isa = PBXNativeTarget;
			buildConfigurationList = 249DE832279D8FD600CFFA6E /* Build configuration list for PBXNativeTarget "Tests iOS" */;
			buildPhases = (
				249DE80C279D8FD600CFFA6E /* Sources */,
				249DE80D279D8FD600CFFA6E /* Frameworks */,
				249DE80E279D8FD600CFFA6E /* Resources */,
			);
			buildRules = (
			);
			dependencies = (
				249DE812279D8FD600CFFA6E /* PBXTargetDependency */,
			);
			name = "Tests iOS";
			productName = "Tests iOS";
			productReference = 249DE810279D8FD600CFFA6E /* Tests iOS.xctest */;
			productType = "com.apple.product-type.bundle.ui-testing";
		};
		249DE81B279D8FD600CFFA6E /* Tests macOS */ = {
			isa = PBXNativeTarget;
			buildConfigurationList = 249DE835279D8FD600CFFA6E /* Build configuration list for PBXNativeTarget "Tests macOS" */;
			buildPhases = (
				249DE818279D8FD600CFFA6E /* Sources */,
				249DE819279D8FD600CFFA6E /* Frameworks */,
				249DE81A279D8FD600CFFA6E /* Resources */,
			);
			buildRules = (
			);
			dependencies = (
				249DE81E279D8FD600CFFA6E /* PBXTargetDependency */,
			);
			name = "Tests macOS";
			productName = "Tests macOS";
			productReference = 249DE81C279D8FD600CFFA6E /* Tests macOS.xctest */;
			productType = "com.apple.product-type.bundle.ui-testing";
		};
/* End PBXNativeTarget section */

/* Begin PBXProject section */
		249DE7F7279D8FD400CFFA6E /* Project object */ = {
			isa = PBXProject;
			attributes = {
				BuildIndependentTargetsInParallel = 1;
				LastSwiftUpdateCheck = 1320;
				LastUpgradeCheck = 1320;
				TargetAttributes = {
					249DE802279D8FD600CFFA6E = {
						CreatedOnToolsVersion = 13.2.1;
					};
					249DE808279D8FD600CFFA6E = {
						CreatedOnToolsVersion = 13.2.1;
					};
					249DE80F279D8FD600CFFA6E = {
						CreatedOnToolsVersion = 13.2.1;
						TestTargetID = 249DE802279D8FD600CFFA6E;
					};
					249DE81B279D8FD600CFFA6E = {
						CreatedOnToolsVersion = 13.2.1;
						TestTargetID = 249DE808279D8FD600CFFA6E;
					};
				};
			};
			buildConfigurationList = 249DE7FA279D8FD400CFFA6E /* Build configuration list for PBXProject "TestApp" */;
			compatibilityVersion = "Xcode 13.0";
			developmentRegion = en;
			hasScannedForEncodings = 0;
			knownRegions = (
				en,
				Base,
			);
			mainGroup = 249DE7F6279D8FD400CFFA6E;
			productRefGroup = 249DE804279D8FD600CFFA6E /* Products */;
			projectDirPath = "";
			projectRoot = "";
			targets = (
				249DE802279D8FD600CFFA6E /* TestApp (iOS) */,
				249DE808279D8FD600CFFA6E /* TestApp (macOS) */,
				249DE80F279D8FD600CFFA6E /* Tests iOS */,
				249DE81B279D8FD600CFFA6E /* Tests macOS */,
			);
		};
/* End PBXProject section */

/* Begin PBXResourcesBuildPhase section */
		249DE801279D8FD600CFFA6E /* Resources */ = {
			isa = PBXResourcesBuildPhase;
			buildActionMask = 2147483647;
			files = (
				249DE828279D8FD600CFFA6E /* Assets.xcassets in Resources */,
			);
			runOnlyForDeploymentPostprocessing = 0;
		};
		249DE807279D8FD600CFFA6E /* Resources */ = {
			isa = PBXResourcesBuildPhase;
			buildActionMask = 2147483647;
			files = (
				249DE829279D8FD600CFFA6E /* Assets.xcassets in Resources */,
			);
			runOnlyForDeploymentPostprocessing = 0;
		};
		249DE80E279D8FD600CFFA6E /* Resources */ = {
			isa = PBXResourcesBuildPhase;
			buildActionMask = 2147483647;
			files = (
			);
			runOnlyForDeploymentPostprocessing = 0;
		};
		249DE81A279D8FD600CFFA6E /* Resources */ = {
			isa = PBXResourcesBuildPhase;
			buildActionMask = 2147483647;
			files = (
			);
			runOnlyForDeploymentPostprocessing = 0;
		};
/* End PBXResourcesBuildPhase section */

/* Begin PBXSourcesBuildPhase section */
		249DE7FF279D8FD600CFFA6E /* Sources */ = {
			isa = PBXSourcesBuildPhase;
			buildActionMask = 2147483647;
			files = (
				249DE826279D8FD600CFFA6E /* ContentView.swift in Sources */,
				249DE824279D8FD600CFFA6E /* TestAppApp.swift in Sources */,
			);
			runOnlyForDeploymentPostprocessing = 0;
		};
		249DE805279D8FD600CFFA6E /* Sources */ = {
			isa = PBXSourcesBuildPhase;
			buildActionMask = 2147483647;
			files = (
				249DE827279D8FD600CFFA6E /* ContentView.swift in Sources */,
				249DE825279D8FD600CFFA6E /* TestAppApp.swift in Sources */,
			);
			runOnlyForDeploymentPostprocessing = 0;
		};
		249DE80C279D8FD600CFFA6E /* Sources */ = {
			isa = PBXSourcesBuildPhase;
			buildActionMask = 2147483647;
			files = (
				249DE817279D8FD600CFFA6E /* Tests_iOSLaunchTests.swift in Sources */,
				249DE815279D8FD600CFFA6E /* Tests_iOS.swift in Sources */,
			);
			runOnlyForDeploymentPostprocessing = 0;
		};
		249DE818279D8FD600CFFA6E /* Sources */ = {
			isa = PBXSourcesBuildPhase;
			buildActionMask = 2147483647;
			files = (
				249DE823279D8FD600CFFA6E /* Tests_macOSLaunchTests.swift in Sources */,
				249DE821279D8FD600CFFA6E /* Tests_macOS.swift in Sources */,
			);
			runOnlyForDeploymentPostprocessing = 0;
		};
/* End PBXSourcesBuildPhase section */

/* Begin PBXTargetDependency section */
		249DE812279D8FD600CFFA6E /* PBXTargetDependency */ = {
			isa = PBXTargetDependency;
			target = 249DE802279D8FD600CFFA6E /* TestApp (iOS) */;
			targetProxy = 249DE811279D8FD600CFFA6E /* PBXContainerItemProxy */;
		};
		249DE81E279D8FD600CFFA6E /* PBXTargetDependency */ = {
			isa = PBXTargetDependency;
			target = 249DE808279D8FD600CFFA6E /* TestApp (macOS) */;
			targetProxy = 249DE81D279D8FD600CFFA6E /* PBXContainerItemProxy */;
		};
/* End PBXTargetDependency section */

/* Begin XCBuildConfiguration section */
		249DE82A279D8FD600CFFA6E /* Debug */ = {
			isa = XCBuildConfiguration;
			buildSettings = {
				ALWAYS_SEARCH_USER_PATHS = NO;
				CLANG_ANALYZER_NONNULL = YES;
				CLANG_ANALYZER_NUMBER_OBJECT_CONVERSION = YES_AGGRESSIVE;
				CLANG_CXX_LANGUAGE_STANDARD = "gnu++17";
				CLANG_CXX_LIBRARY = "libc++";
				CLANG_ENABLE_MODULES = YES;
				CLANG_ENABLE_OBJC_ARC = YES;
				CLANG_ENABLE_OBJC_WEAK = YES;
				CLANG_WARN_BLOCK_CAPTURE_AUTORELEASING = YES;
				CLANG_WARN_BOOL_CONVERSION = YES;
				CLANG_WARN_COMMA = YES;
				CLANG_WARN_CONSTANT_CONVERSION = YES;
				CLANG_WARN_DEPRECATED_OBJC_IMPLEMENTATIONS = YES;
				CLANG_WARN_DIRECT_OBJC_ISA_USAGE = YES_ERROR;
				CLANG_WARN_DOCUMENTATION_COMMENTS = YES;
				CLANG_WARN_EMPTY_BODY = YES;
				CLANG_WARN_ENUM_CONVERSION = YES;
				CLANG_WARN_INFINITE_RECURSION = YES;
				CLANG_WARN_INT_CONVERSION = YES;
				CLANG_WARN_NON_LITERAL_NULL_CONVERSION = YES;
				CLANG_WARN_OBJC_IMPLICIT_RETAIN_SELF = YES;
				CLANG_WARN_OBJC_LITERAL_CONVERSION = YES;
				CLANG_WARN_OBJC_ROOT_CLASS = YES_ERROR;
				CLANG_WARN_QUOTED_INCLUDE_IN_FRAMEWORK_HEADER = YES;
				CLANG_WARN_RANGE_LOOP_ANALYSIS = YES;
				CLANG_WARN_STRICT_PROTOTYPES = YES;
				CLANG_WARN_SUSPICIOUS_MOVE = YES;
				CLANG_WARN_UNGUARDED_AVAILABILITY = YES_AGGRESSIVE;
				CLANG_WARN_UNREACHABLE_CODE = YES;
				CLANG_WARN__DUPLICATE_METHOD_MATCH = YES;
				COPY_PHASE_STRIP = NO;
				DEBUG_INFORMATION_FORMAT = dwarf;
				ENABLE_STRICT_OBJC_MSGSEND = YES;
				ENABLE_TESTABILITY = YES;
				GCC_C_LANGUAGE_STANDARD = gnu11;
				GCC_DYNAMIC_NO_PIC = NO;
				GCC_NO_COMMON_BLOCKS = YES;
				GCC_OPTIMIZATION_LEVEL = 0;
				GCC_PREPROCESSOR_DEFINITIONS = (
					"DEBUG=1",
					"$(inherited)",
				);
				GCC_WARN_64_TO_32_BIT_CONVERSION = YES;
				GCC_WARN_ABOUT_RETURN_TYPE = YES_ERROR;
				GCC_WARN_UNDECLARED_SELECTOR = YES;
				GCC_WARN_UNINITIALIZED_AUTOS = YES_AGGRESSIVE;
				GCC_WARN_UNUSED_FUNCTION = YES;
				GCC_WARN_UNUSED_VARIABLE = YES;
				MTL_ENABLE_DEBUG_INFO = INCLUDE_SOURCE;
				MTL_FAST_MATH = YES;
				ONLY_ACTIVE_ARCH = YES;
				SWIFT_ACTIVE_COMPILATION_CONDITIONS = DEBUG;
				SWIFT_OPTIMIZATION_LEVEL = "-Onone";
			};
			name = Debug;
		};
		249DE82B279D8FD600CFFA6E /* Release */ = {
			isa = XCBuildConfiguration;
			buildSettings = {
				ALWAYS_SEARCH_USER_PATHS = NO;
				CLANG_ANALYZER_NONNULL = YES;
				CLANG_ANALYZER_NUMBER_OBJECT_CONVERSION = YES_AGGRESSIVE;
				CLANG_CXX_LANGUAGE_STANDARD = "gnu++17";
				CLANG_CXX_LIBRARY = "libc++";
				CLANG_ENABLE_MODULES = YES;
				CLANG_ENABLE_OBJC_ARC = YES;
				CLANG_ENABLE_OBJC_WEAK = YES;
				CLANG_WARN_BLOCK_CAPTURE_AUTORELEASING = YES;
				CLANG_WARN_BOOL_CONVERSION = YES;
				CLANG_WARN_COMMA = YES;
				CLANG_WARN_CONSTANT_CONVERSION = YES;
				CLANG_WARN_DEPRECATED_OBJC_IMPLEMENTATIONS = YES;
				CLANG_WARN_DIRECT_OBJC_ISA_USAGE = YES_ERROR;
				CLANG_WARN_DOCUMENTATION_COMMENTS = YES;
				CLANG_WARN_EMPTY_BODY = YES;
				CLANG_WARN_ENUM_CONVERSION = YES;
				CLANG_WARN_INFINITE_RECURSION = YES;
				CLANG_WARN_INT_CONVERSION = YES;
				CLANG_WARN_NON_LITERAL_NULL_CONVERSION = YES;
				CLANG_WARN_OBJC_IMPLICIT_RETAIN_SELF = YES;
				CLANG_WARN_OBJC_LITERAL_CONVERSION = YES;
				CLANG_WARN_OBJC_ROOT_CLASS = YES_ERROR;
				CLANG_WARN_QUOTED_INCLUDE_IN_FRAMEWORK_HEADER = YES;
				CLANG_WARN_RANGE_LOOP_ANALYSIS = YES;
				CLANG_WARN_STRICT_PROTOTYPES = YES;
				CLANG_WARN_SUSPICIOUS_MOVE = YES;
				CLANG_WARN_UNGUARDED_AVAILABILITY = YES_AGGRESSIVE;
				CLANG_WARN_UNREACHABLE_CODE = YES;
				CLANG_WARN__DUPLICATE_METHOD_MATCH = YES;
				COPY_PHASE_STRIP = NO;
				DEBUG_INFORMATION_FORMAT = "dwarf-with-dsym";
				ENABLE_NS_ASSERTIONS = NO;
				ENABLE_STRICT_OBJC_MSGSEND = YES;
				GCC_C_LANGUAGE_STANDARD = gnu11;
				GCC_NO_COMMON_BLOCKS = YES;
				GCC_WARN_64_TO_32_BIT_CONVERSION = YES;
				GCC_WARN_ABOUT_RETURN_TYPE = YES_ERROR;
				GCC_WARN_UNDECLARED_SELECTOR = YES;
				GCC_WARN_UNINITIALIZED_AUTOS = YES_AGGRESSIVE;
				GCC_WARN_UNUSED_FUNCTION = YES;
				GCC_WARN_UNUSED_VARIABLE = YES;
				MTL_ENABLE_DEBUG_INFO = NO;
				MTL_FAST_MATH = YES;
				SWIFT_COMPILATION_MODE = wholemodule;
				SWIFT_OPTIMIZATION_LEVEL = "-O";
			};
			name = Release;
		};
		249DE82D279D8FD600CFFA6E /* Debug */ = {
			isa = XCBuildConfiguration;
			buildSettings = {
				ASSETCATALOG_COMPILER_APPICON_NAME = AppIcon;
				ASSETCATALOG_COMPILER_GLOBAL_ACCENT_COLOR_NAME = AccentColor;
				CODE_SIGN_STYLE = Automatic;
				CURRENT_PROJECT_VERSION = 1;
				ENABLE_PREVIEWS = YES;
				GENERATE_INFOPLIST_FILE = YES;
				INFOPLIST_KEY_UIApplicationSceneManifest_Generation = YES;
				INFOPLIST_KEY_UIApplicationSupportsIndirectInputEvents = YES;
				INFOPLIST_KEY_UILaunchScreen_Generation = YES;
				INFOPLIST_KEY_UISupportedInterfaceOrientations_iPad = "UIInterfaceOrientationPortrait UIInterfaceOrientationPortraitUpsideDown UIInterfaceOrientationLandscapeLeft UIInterfaceOrientationLandscapeRight";
				INFOPLIST_KEY_UISupportedInterfaceOrientations_iPhone = "UIInterfaceOrientationPortrait UIInterfaceOrientationLandscapeLeft UIInterfaceOrientationLandscapeRight";
				IPHONEOS_DEPLOYMENT_TARGET = 15.2;
				LD_RUNPATH_SEARCH_PATHS = (
					"$(inherited)",
					"@executable_path/Frameworks",
				);
				MARKETING_VERSION = 1.0;
				PRODUCT_BUNDLE_IDENTIFIER = com.minase.TestApp;
				PRODUCT_NAME = TestApp;
				SDKROOT = iphoneos;
				SWIFT_EMIT_LOC_STRINGS = YES;
				SWIFT_VERSION = 5.0;
				TARGETED_DEVICE_FAMILY = "1,2";
			};
			name = Debug;
		};
		249DE82E279D8FD600CFFA6E /* Release */ = {
			isa = XCBuildConfiguration;
			buildSettings = {
				ASSETCATALOG_COMPILER_APPICON_NAME = AppIcon;
				ASSETCATALOG_COMPILER_GLOBAL_ACCENT_COLOR_NAME = AccentColor;
				CODE_SIGN_STYLE = Automatic;
				CURRENT_PROJECT_VERSION = 1;
				ENABLE_PREVIEWS = YES;
				GENERATE_INFOPLIST_FILE = YES;
				INFOPLIST_KEY_UIApplicationSceneManifest_Generation = YES;
				INFOPLIST_KEY_UIApplicationSupportsIndirectInputEvents = YES;
				INFOPLIST_KEY_UILaunchScreen_Generation = YES;
				INFOPLIST_KEY_UISupportedInterfaceOrientations_iPad = "UIInterfaceOrientationPortrait UIInterfaceOrientationPortraitUpsideDown UIInterfaceOrientationLandscapeLeft UIInterfaceOrientationLandscapeRight";
				INFOPLIST_KEY_UISupportedInterfaceOrientations_iPhone = "UIInterfaceOrientationPortrait UIInterfaceOrientationLandscapeLeft UIInterfaceOrientationLandscapeRight";
				IPHONEOS_DEPLOYMENT_TARGET = 15.2;
				LD_RUNPATH_SEARCH_PATHS = (
					"$(inherited)",
					"@executable_path/Frameworks",
				);
				MARKETING_VERSION = 1.0;
				PRODUCT_BUNDLE_IDENTIFIER = com.minase.TestApp;
				PRODUCT_NAME = TestApp;
				SDKROOT = iphoneos;
				SWIFT_EMIT_LOC_STRINGS = YES;
				SWIFT_VERSION = 5.0;
				TARGETED_DEVICE_FAMILY = "1,2";
				VALIDATE_PRODUCT = YES;
			};
			name = Release;
		};
		249DE830279D8FD600CFFA6E /* Debug */ = {
			isa = XCBuildConfiguration;
			buildSettings = {
				ASSETCATALOG_COMPILER_APPICON_NAME = AppIcon;
				ASSETCATALOG_COMPILER_GLOBAL_ACCENT_COLOR_NAME = AccentColor;
				CODE_SIGN_ENTITLEMENTS = macOS/macOS.entitlements;
				CODE_SIGN_STYLE = Automatic;
				COMBINE_HIDPI_IMAGES = YES;
				CURRENT_PROJECT_VERSION = 1;
				ENABLE_PREVIEWS = YES;
				GENERATE_INFOPLIST_FILE = YES;
				INFOPLIST_KEY_NSHumanReadableCopyright = "";
				LD_RUNPATH_SEARCH_PATHS = (
					"$(inherited)",
					"@executable_path/../Frameworks",
				);
				MACOSX_DEPLOYMENT_TARGET = 11.5;
				MARKETING_VERSION = 1.0;
				PRODUCT_BUNDLE_IDENTIFIER = com.minase.TestApp;
				PRODUCT_NAME = TestApp;
				SDKROOT = macosx;
				SWIFT_EMIT_LOC_STRINGS = YES;
				SWIFT_VERSION = 5.0;
			};
			name = Debug;
		};
		249DE831279D8FD600CFFA6E /* Release */ = {
			isa = XCBuildConfiguration;
			buildSettings = {
				ASSETCATALOG_COMPILER_APPICON_NAME = AppIcon;
				ASSETCATALOG_COMPILER_GLOBAL_ACCENT_COLOR_NAME = AccentColor;
				CODE_SIGN_ENTITLEMENTS = macOS/macOS.entitlements;
				CODE_SIGN_STYLE = Automatic;
				COMBINE_HIDPI_IMAGES = YES;
				CURRENT_PROJECT_VERSION = 1;
				ENABLE_PREVIEWS = YES;
				GENERATE_INFOPLIST_FILE = YES;
				INFOPLIST_KEY_NSHumanReadableCopyright = "";
				LD_RUNPATH_SEARCH_PATHS = (
					"$(inherited)",
					"@executable_path/../Frameworks",
				);
				MACOSX_DEPLOYMENT_TARGET = 11.5;
				MARKETING_VERSION = 1.0;
				PRODUCT_BUNDLE_IDENTIFIER = com.minase.TestApp;
				PRODUCT_NAME = TestApp;
				SDKROOT = macosx;
				SWIFT_EMIT_LOC_STRINGS = YES;
				SWIFT_VERSION = 5.0;
			};
			name = Release;
		};
		249DE833279D8FD600CFFA6E /* Debug */ = {
			isa = XCBuildConfiguration;
			buildSettings = {
				ALWAYS_EMBED_SWIFT_STANDARD_LIBRARIES = YES;
				CODE_SIGN_STYLE = Automatic;
				CURRENT_PROJECT_VERSION = 1;
				GENERATE_INFOPLIST_FILE = YES;
				IPHONEOS_DEPLOYMENT_TARGET = 15.2;
				MARKETING_VERSION = 1.0;
				PRODUCT_BUNDLE_IDENTIFIER = "com.minase.Tests-iOS";
				PRODUCT_NAME = "$(TARGET_NAME)";
				SDKROOT = iphoneos;
				SWIFT_EMIT_LOC_STRINGS = NO;
				SWIFT_VERSION = 5.0;
				TARGETED_DEVICE_FAMILY = "1,2";
				TEST_TARGET_NAME = "TestApp (iOS)";
			};
			name = Debug;
		};
		249DE834279D8FD600CFFA6E /* Release */ = {
			isa = XCBuildConfiguration;
			buildSettings = {
				ALWAYS_EMBED_SWIFT_STANDARD_LIBRARIES = YES;
				CODE_SIGN_STYLE = Automatic;
				CURRENT_PROJECT_VERSION = 1;
				GENERATE_INFOPLIST_FILE = YES;
				IPHONEOS_DEPLOYMENT_TARGET = 15.2;
				MARKETING_VERSION = 1.0;
				PRODUCT_BUNDLE_IDENTIFIER = "com.minase.Tests-iOS";
				PRODUCT_NAME = "$(TARGET_NAME)";
				SDKROOT = iphoneos;
				SWIFT_EMIT_LOC_STRINGS = NO;
				SWIFT_VERSION = 5.0;
				TARGETED_DEVICE_FAMILY = "1,2";
				TEST_TARGET_NAME = "TestApp (iOS)";
				VALIDATE_PRODUCT = YES;
			};
			name = Release;
		};
		249DE836279D8FD600CFFA6E /* Debug */ = {
			isa = XCBuildConfiguration;
			buildSettings = {
				ALWAYS_EMBED_SWIFT_STANDARD_LIBRARIES = YES;
				CODE_SIGN_STYLE = Automatic;
				CURRENT_PROJECT_VERSION = 1;
				GENERATE_INFOPLIST_FILE = YES;
				MACOSX_DEPLOYMENT_TARGET = 11.5;
				MARKETING_VERSION = 1.0;
				PRODUCT_BUNDLE_IDENTIFIER = "com.minase.Tests-macOS";
				PRODUCT_NAME = "$(TARGET_NAME)";
				SDKROOT = macosx;
				SWIFT_EMIT_LOC_STRINGS = NO;
				SWIFT_VERSION = 5.0;
				TEST_TARGET_NAME = "TestApp (macOS)";
			};
			name = Debug;
		};
		249DE837279D8FD600CFFA6E /* Release */ = {
			isa = XCBuildConfiguration;
			buildSettings = {
				ALWAYS_EMBED_SWIFT_STANDARD_LIBRARIES = YES;
				CODE_SIGN_STYLE = Automatic;
				CURRENT_PROJECT_VERSION = 1;
				GENERATE_INFOPLIST_FILE = YES;
				MACOSX_DEPLOYMENT_TARGET = 11.5;
				MARKETING_VERSION = 1.0;
				PRODUCT_BUNDLE_IDENTIFIER = "com.minase.Tests-macOS";
				PRODUCT_NAME = "$(TARGET_NAME)";
				SDKROOT = macosx;
				SWIFT_EMIT_LOC_STRINGS = NO;
				SWIFT_VERSION = 5.0;
				TEST_TARGET_NAME = "TestApp (macOS)";
			};
			name = Release;
		};
/* End XCBuildConfiguration section */

/* Begin XCConfigurationList section */
		249DE7FA279D8FD400CFFA6E /* Build configuration list for PBXProject "TestApp" */ = {
			isa = XCConfigurationList;
			buildConfigurations = (
				249DE82A279D8FD600CFFA6E /* Debug */,
				249DE82B279D8FD600CFFA6E /* Release */,
			);
			defaultConfigurationIsVisible = 0;
			defaultConfigurationName = Release;
		};
		249DE82C279D8FD600CFFA6E /* Build configuration list for PBXNativeTarget "TestApp (iOS)" */ = {
			isa = XCConfigurationList;
			buildConfigurations = (
				249DE82D279D8FD600CFFA6E /* Debug */,
				249DE82E279D8FD600CFFA6E /* Release */,
			);
			defaultConfigurationIsVisible = 0;
			defaultConfigurationName = Release;
		};
		249DE82F279D8FD600CFFA6E /* Build configuration list for PBXNativeTarget "TestApp (macOS)" */ = {
			isa = XCConfigurationList;
			buildConfigurations = (
				249DE830279D8FD600CFFA6E /* Debug */,
				249DE831279D8FD600CFFA6E /* Release */,
			);
			defaultConfigurationIsVisible = 0;
			defaultConfigurationName = Release;
		};
		249DE832279D8FD600CFFA6E /* Build configuration list for PBXNativeTarget "Tests iOS" */ = {
			isa = XCConfigurationList;
			buildConfigurations = (
				249DE833279D8FD600CFFA6E /* Debug */,
				249DE834279D8FD600CFFA6E /* Release */,
			);
			defaultConfigurationIsVisible = 0;
			defaultConfigurationName = Release;
		};
		249DE835279D8FD600CFFA6E /* Build configuration list for PBXNativeTarget "Tests macOS" */ = {
			isa = XCConfigurationList;
			buildConfigurations = (
				249DE836279D8FD600CFFA6E /* Debug */,
				249DE837279D8FD600CFFA6E /* Release */,
			);
			defaultConfigurationIsVisible = 0;
			defaultConfigurationName = Release;
		};
/* End XCConfigurationList section */
	};
	rootObject = 249DE7F7279D8FD400CFFA6E /* Project object */;
}
